{
  "pins" : [
    {
      "identity" : "clevertap-ios-sdk",
      "kind" : "remoteSourceControl",
      "location" : "https://github.com/CleverTap/clevertap-ios-sdk",
      "state" : {
        "revision" : "94db7cf88e3f8835b100b38a34ef24d2664b9309",
        "version" : "6.1.0"
      }
    },
    {
      "identity" : "ctnotificationcontent",
      "kind" : "remoteSourceControl",
      "location" : "https://github.com/CleverTap/CTNotificationContent",
      "state" : {
        "revision" : "af1a253f5a206ba87a7aec2047061223b18efda9",
        "version" : "0.2.7"
      }
    },
    {
      "identity" : "ctnotificationservice",
      "kind" : "remoteSourceControl",
      "location" : "https://github.com/CleverTap/CTNotificationService.git",
      "state" : {
        "revision" : "9fb05bd25296f62be89d0ed0542a8473a96234e1",
        "version" : "0.1.7"
      }
    },
    {
      "identity" : "sdwebimage",
      "kind" : "remoteSourceControl",
      "location" : "https://github.com/SDWebImage/SDWebImage.git",
      "state" : {
        "revision" : "fd010e54231331fc19338f81c6d072cd9ace2825",
        "version" : "5.18.8"
      }
    }
  ],
  "version" : 2
}
