{
  "pins" : [
    {
      "identity" : "clevertap-ios-sdk",
      "kind" : "remoteSourceControl",
      "location" : "https://github.com/CleverTap/clevertap-ios-sdk",
      "state" : {
        "revision" : "94db7cf88e3f8835b100b38a34ef24d2664b9309",
        "version" : "6.1.0"
      }
    },
    {
      "identity" : "ctnotificationcontent",
      "kind" : "remoteSourceControl",
      "location" : "https://github.com/CleverTap/CTNotificationContent",
      "state" : {
        "revision" : "4f2a8eb3d8055fac58e4ecbaee0012a205892e1d",
        "version" : "0.2.5"
      }
    },
    {
      "identity" : "ctnotificationservice",
      "kind" : "remoteSourceControl",
      "location" : "https://github.com/CleverTap/CTNotificationService.git",
      "state" : {
        "revision" : "75e9a1ad285a2ea4d252fe8bea036d4d4a447f21",
        "version" : "0.1.5"
      }
    },
    {
      "identity" : "sdwebimage",
      "kind" : "remoteSourceControl",
      "location" : "https://github.com/SDWebImage/SDWebImage.git",
      "state" : {
        "revision" : "fd010e54231331fc19338f81c6d072cd9ace2825",
        "version" : "5.18.8"
      }
    }
  ],
  "version" : 2
}
