// !$*UTF8*$!
{
	archiveVersion = 1;
	classes = {
	};
	objectVersion = 56;
	objects = {

/* Begin PBXBuildFile section */
		0A1B753F2B4A62E1003588DA /* SceneDelegate.swift in Sources */ = {isa = PBXBuildFile; fileRef = 0A1B753E2B4A62E1003588DA /* SceneDelegate.swift */; };
		0A1B75412B4A62E1003588DA /* ViewController.swift in Sources */ = {isa = PBXBuildFile; fileRef = 0A1B75402B4A62E1003588DA /* ViewController.swift */; };
		0A1B75442B4A62E1003588DA /* Main.storyboard in Resources */ = {isa = PBXBuildFile; fileRef = 0A1B75422B4A62E1003588DA /* Main.storyboard */; };
		0A1B75472B4A62E1003588DA /* DemoCtStoryBoard.xcdatamodeld in Sources */ = {isa = PBXBuildFile; fileRef = 0A1B75452B4A62E1003588DA /* DemoCtStoryBoard.xcdatamodeld */; };
		0A1B75492B4A62E2003588DA /* Assets.xcassets in Resources */ = {isa = PBXBuildFile; fileRef = 0A1B75482B4A62E2003588DA /* Assets.xcassets */; };
		0A1B754C2B4A62E2003588DA /* LaunchScreen.storyboard in Resources */ = {isa = PBXBuildFile; fileRef = 0A1B754A2B4A62E2003588DA /* LaunchScreen.storyboard */; };
		0A402DA02B8F33D5004677BD /* CleverTapLocation in Frameworks */ = {isa = PBXBuildFile; productRef = 0A402D9F2B8F33D5004677BD /* CleverTapLocation */; };
		0A402DA22B8F33D5004677BD /* CleverTapSDK in Frameworks */ = {isa = PBXBuildFile; productRef = 0A402DA12B8F33D5004677BD /* CleverTapSDK */; };
		0A402DBF2B8F3E16004677BD /* AppDelegate.swift in Sources */ = {isa = PBXBuildFile; fileRef = 0A1B753C2B4A62E1003588DA /* AppDelegate.swift */; };
		0A402DE92B8F49FE004677BD /* CTNotificationContent in Frameworks */ = {isa = PBXBuildFile; productRef = 0A402DE82B8F49FE004677BD /* CTNotificationContent */; };
		0A890AF52C2E94510039BC54 /* NotificationService.swift in Sources */ = {isa = PBXBuildFile; fileRef = 0A890AF42C2E94510039BC54 /* NotificationService.swift */; };
		0A890AF92C2E94510039BC54 /* NotificationService.appex in Embed Foundation Extensions */ = {isa = PBXBuildFile; fileRef = 0A890AF22C2E94510039BC54 /* NotificationService.appex */; settings = {ATTRIBUTES = (RemoveHeadersOnCopy, ); }; };
		0A890AFE2C2E94C50039BC54 /* CleverTapSDK in Frameworks */ = {isa = PBXBuildFile; productRef = 0A890AFD2C2E94C50039BC54 /* CleverTapSDK */; };
		0A890B002C2E94C50039BC54 /* CTNotificationService in Frameworks */ = {isa = PBXBuildFile; productRef = 0A890AFF2C2E94C50039BC54 /* CTNotificationService */; };
		0AF7650A2C2E81AE00CF6CF3 /* UserNotifications.framework in Frameworks */ = {isa = PBXBuildFile; fileRef = 0A402D252B8ECB0C004677BD /* UserNotifications.framework */; };
		0AF7650B2C2E81AE00CF6CF3 /* UserNotificationsUI.framework in Frameworks */ = {isa = PBXBuildFile; fileRef = 0A402D272B8ECB0C004677BD /* UserNotificationsUI.framework */; };
		0AF7650E2C2E81AE00CF6CF3 /* NotificationViewController.swift in Sources */ = {isa = PBXBuildFile; fileRef = 0AF7650D2C2E81AE00CF6CF3 /* NotificationViewController.swift */; };
		0AF765112C2E81AE00CF6CF3 /* MainInterface.storyboard in Resources */ = {isa = PBXBuildFile; fileRef = 0AF7650F2C2E81AE00CF6CF3 /* MainInterface.storyboard */; };
		0AF765152C2E81AE00CF6CF3 /* Notification Content.appex in Embed Foundation Extensions */ = {isa = PBXBuildFile; fileRef = 0AF765092C2E81AE00CF6CF3 /* Notification Content.appex */; settings = {ATTRIBUTES = (RemoveHeadersOnCopy, ); }; };
		0AF7651A2C2E82F400CF6CF3 /* CleverTapSDK in Frameworks */ = {isa = PBXBuildFile; productRef = 0AF765192C2E82F400CF6CF3 /* CleverTapSDK */; };
		0AF7651C2C2E82F400CF6CF3 /* CTNotificationContent in Frameworks */ = {isa = PBXBuildFile; productRef = 0AF7651B2C2E82F400CF6CF3 /* CTNotificationContent */; };
/* End PBXBuildFile section */

/* Begin PBXContainerItemProxy section */
		0A890AF72C2E94510039BC54 /* PBXContainerItemProxy */ = {
			isa = PBXContainerItemProxy;
			containerPortal = 0A1B75312B4A62E1003588DA /* Project object */;
			proxyType = 1;
			remoteGlobalIDString = 0A890AF12C2E94510039BC54;
			remoteInfo = NotificationService;
		};
		0AF765132C2E81AE00CF6CF3 /* PBXContainerItemProxy */ = {
			isa = PBXContainerItemProxy;
			containerPortal = 0A1B75312B4A62E1003588DA /* Project object */;
			proxyType = 1;
			remoteGlobalIDString = 0AF765082C2E81AE00CF6CF3;
			remoteInfo = "Notification Content";
		};
/* End PBXContainerItemProxy section */

/* Begin PBXCopyFilesBuildPhase section */
		0AE300482B8DD7DB00916789 /* Embed Foundation Extensions */ = {
			isa = PBXCopyFilesBuildPhase;
			buildActionMask = 2147483647;
			dstPath = "";
			dstSubfolderSpec = 13;
			files = (
				0AF765152C2E81AE00CF6CF3 /* Notification Content.appex in Embed Foundation Extensions */,
				0A890AF92C2E94510039BC54 /* NotificationService.appex in Embed Foundation Extensions */,
			);
			name = "Embed Foundation Extensions";
			runOnlyForDeploymentPostprocessing = 0;
		};
/* End PBXCopyFilesBuildPhase section */

/* Begin PBXFileReference section */
		0A1B75392B4A62E1003588DA /* DemoCtStoryBoard.app */ = {isa = PBXFileReference; explicitFileType = wrapper.application; includeInIndex = 0; path = DemoCtStoryBoard.app; sourceTree = BUILT_PRODUCTS_DIR; };
		0A1B753C2B4A62E1003588DA /* AppDelegate.swift */ = {isa = PBXFileReference; lastKnownFileType = sourcecode.swift; path = AppDelegate.swift; sourceTree = "<group>"; };
		0A1B753E2B4A62E1003588DA /* SceneDelegate.swift */ = {isa = PBXFileReference; lastKnownFileType = sourcecode.swift; path = SceneDelegate.swift; sourceTree = "<group>"; };
		0A1B75402B4A62E1003588DA /* ViewController.swift */ = {isa = PBXFileReference; lastKnownFileType = sourcecode.swift; path = ViewController.swift; sourceTree = "<group>"; };
		0A1B75432B4A62E1003588DA /* Base */ = {isa = PBXFileReference; lastKnownFileType = file.storyboard; name = Base; path = Base.lproj/Main.storyboard; sourceTree = "<group>"; };
		0A1B75462B4A62E1003588DA /* DemoCtStoryBoard.xcdatamodel */ = {isa = PBXFileReference; lastKnownFileType = wrapper.xcdatamodel; path = DemoCtStoryBoard.xcdatamodel; sourceTree = "<group>"; };
		0A1B75482B4A62E2003588DA /* Assets.xcassets */ = {isa = PBXFileReference; lastKnownFileType = folder.assetcatalog; path = Assets.xcassets; sourceTree = "<group>"; };
		0A1B754B2B4A62E2003588DA /* Base */ = {isa = PBXFileReference; lastKnownFileType = file.storyboard; name = Base; path = Base.lproj/LaunchScreen.storyboard; sourceTree = "<group>"; };
		0A1B754D2B4A62E2003588DA /* Info.plist */ = {isa = PBXFileReference; lastKnownFileType = text.plist.xml; path = Info.plist; sourceTree = "<group>"; };
		0A402D252B8ECB0C004677BD /* UserNotifications.framework */ = {isa = PBXFileReference; lastKnownFileType = wrapper.framework; name = UserNotifications.framework; path = System/Library/Frameworks/UserNotifications.framework; sourceTree = SDKROOT; };
		0A402D272B8ECB0C004677BD /* UserNotificationsUI.framework */ = {isa = PBXFileReference; lastKnownFileType = wrapper.framework; name = UserNotificationsUI.framework; path = System/Library/Frameworks/UserNotificationsUI.framework; sourceTree = SDKROOT; };
		0A890AF22C2E94510039BC54 /* NotificationService.appex */ = {isa = PBXFileReference; explicitFileType = "wrapper.app-extension"; includeInIndex = 0; path = NotificationService.appex; sourceTree = BUILT_PRODUCTS_DIR; };
		0A890AF42C2E94510039BC54 /* NotificationService.swift */ = {isa = PBXFileReference; lastKnownFileType = sourcecode.swift; path = NotificationService.swift; sourceTree = "<group>"; };
		0A890AF62C2E94510039BC54 /* Info.plist */ = {isa = PBXFileReference; lastKnownFileType = text.plist.xml; path = Info.plist; sourceTree = "<group>"; };
		0A959DB72B831C5D008F4320 /* DemoCtStoryBoard.entitlements */ = {isa = PBXFileReference; lastKnownFileType = text.plist.entitlements; path = DemoCtStoryBoard.entitlements; sourceTree = "<group>"; };
		0AF765092C2E81AE00CF6CF3 /* Notification Content.appex */ = {isa = PBXFileReference; explicitFileType = "wrapper.app-extension"; includeInIndex = 0; path = "Notification Content.appex"; sourceTree = BUILT_PRODUCTS_DIR; };
		0AF7650D2C2E81AE00CF6CF3 /* NotificationViewController.swift */ = {isa = PBXFileReference; lastKnownFileType = sourcecode.swift; path = NotificationViewController.swift; sourceTree = "<group>"; };
		0AF765102C2E81AE00CF6CF3 /* Base */ = {isa = PBXFileReference; lastKnownFileType = file.storyboard; name = Base; path = Base.lproj/MainInterface.storyboard; sourceTree = "<group>"; };
		0AF765122C2E81AE00CF6CF3 /* Info.plist */ = {isa = PBXFileReference; lastKnownFileType = text.plist.xml; path = Info.plist; sourceTree = "<group>"; };
/* End PBXFileReference section */

/* Begin PBXFrameworksBuildPhase section */
		0A1B75362B4A62E1003588DA /* Frameworks */ = {
			isa = PBXFrameworksBuildPhase;
			buildActionMask = 2147483647;
			files = (
				0A402DA22B8F33D5004677BD /* CleverTapSDK in Frameworks */,
				0A402DE92B8F49FE004677BD /* CTNotificationContent in Frameworks */,
				0A402DA02B8F33D5004677BD /* CleverTapLocation in Frameworks */,
			);
			runOnlyForDeploymentPostprocessing = 0;
		};
		0A890AEF2C2E94510039BC54 /* Frameworks */ = {
			isa = PBXFrameworksBuildPhase;
			buildActionMask = 2147483647;
			files = (
				0A890B002C2E94C50039BC54 /* CTNotificationService in Frameworks */,
				0A890AFE2C2E94C50039BC54 /* CleverTapSDK in Frameworks */,
			);
			runOnlyForDeploymentPostprocessing = 0;
		};
		0AF765062C2E81AE00CF6CF3 /* Frameworks */ = {
			isa = PBXFrameworksBuildPhase;
			buildActionMask = 2147483647;
			files = (
				0AF7650B2C2E81AE00CF6CF3 /* UserNotificationsUI.framework in Frameworks */,
				0AF7650A2C2E81AE00CF6CF3 /* UserNotifications.framework in Frameworks */,
				0AF7651C2C2E82F400CF6CF3 /* CTNotificationContent in Frameworks */,
				0AF7651A2C2E82F400CF6CF3 /* CleverTapSDK in Frameworks */,
			);
			runOnlyForDeploymentPostprocessing = 0;
		};
/* End PBXFrameworksBuildPhase section */

/* Begin PBXGroup section */
		0A1B75302B4A62E1003588DA = {
			isa = PBXGroup;
			children = (
				0A1B753B2B4A62E1003588DA /* DemoCtStoryBoard */,
				0AF7650C2C2E81AE00CF6CF3 /* Notification Content */,
				0A890AF32C2E94510039BC54 /* NotificationService */,
				0A1B753A2B4A62E1003588DA /* Products */,
				0A402D1B2B8E22B4004677BD /* Frameworks */,
			);
			sourceTree = "<group>";
		};
		0A1B753A2B4A62E1003588DA /* Products */ = {
			isa = PBXGroup;
			children = (
				0A1B75392B4A62E1003588DA /* DemoCtStoryBoard.app */,
				0AF765092C2E81AE00CF6CF3 /* Notification Content.appex */,
				0A890AF22C2E94510039BC54 /* NotificationService.appex */,
			);
			name = Products;
			sourceTree = "<group>";
		};
		0A1B753B2B4A62E1003588DA /* DemoCtStoryBoard */ = {
			isa = PBXGroup;
			children = (
				0A959DB72B831C5D008F4320 /* DemoCtStoryBoard.entitlements */,
				0A1B753C2B4A62E1003588DA /* AppDelegate.swift */,
				0A1B753E2B4A62E1003588DA /* SceneDelegate.swift */,
				0A1B75402B4A62E1003588DA /* ViewController.swift */,
				0A1B75422B4A62E1003588DA /* Main.storyboard */,
				0A1B75482B4A62E2003588DA /* Assets.xcassets */,
				0A1B754A2B4A62E2003588DA /* LaunchScreen.storyboard */,
				0A1B754D2B4A62E2003588DA /* Info.plist */,
				0A1B75452B4A62E1003588DA /* DemoCtStoryBoard.xcdatamodeld */,
			);
			path = DemoCtStoryBoard;
			sourceTree = "<group>";
		};
		0A402D1B2B8E22B4004677BD /* Frameworks */ = {
			isa = PBXGroup;
			children = (
				0A402D252B8ECB0C004677BD /* UserNotifications.framework */,
				0A402D272B8ECB0C004677BD /* UserNotificationsUI.framework */,
			);
			name = Frameworks;
			sourceTree = "<group>";
		};
		0A890AF32C2E94510039BC54 /* NotificationService */ = {
			isa = PBXGroup;
			children = (
				0A890AF42C2E94510039BC54 /* NotificationService.swift */,
				0A890AF62C2E94510039BC54 /* Info.plist */,
			);
			path = NotificationService;
			sourceTree = "<group>";
		};
		0AF7650C2C2E81AE00CF6CF3 /* Notification Content */ = {
			isa = PBXGroup;
			children = (
				0AF7650D2C2E81AE00CF6CF3 /* NotificationViewController.swift */,
				0AF7650F2C2E81AE00CF6CF3 /* MainInterface.storyboard */,
				0AF765122C2E81AE00CF6CF3 /* Info.plist */,
			);
			path = "Notification Content";
			sourceTree = "<group>";
		};
/* End PBXGroup section */

/* Begin PBXNativeTarget section */
		0A1B75382B4A62E1003588DA /* DemoCtStoryBoard */ = {
			isa = PBXNativeTarget;
			buildConfigurationList = 0A1B75662B4A62E3003588DA /* Build configuration list for PBXNativeTarget "DemoCtStoryBoard" */;
			buildPhases = (
				0A1B75352B4A62E1003588DA /* Sources */,
				0A1B75362B4A62E1003588DA /* Frameworks */,
				0A1B75372B4A62E1003588DA /* Resources */,
				0AE300482B8DD7DB00916789 /* Embed Foundation Extensions */,
			);
			buildRules = (
			);
			dependencies = (
				0AF765142C2E81AE00CF6CF3 /* PBXTargetDependency */,
				0A890AF82C2E94510039BC54 /* PBXTargetDependency */,
			);
			name = DemoCtStoryBoard;
			packageProductDependencies = (
				0A402D9F2B8F33D5004677BD /* CleverTapLocation */,
				0A402DA12B8F33D5004677BD /* CleverTapSDK */,
				0A402DE82B8F49FE004677BD /* CTNotificationContent */,
			);
			productName = DemoCtStoryBoard;
			productReference = 0A1B75392B4A62E1003588DA /* DemoCtStoryBoard.app */;
			productType = "com.apple.product-type.application";
		};
		0A890AF12C2E94510039BC54 /* NotificationService */ = {
			isa = PBXNativeTarget;
			buildConfigurationList = 0A890AFA2C2E94510039BC54 /* Build configuration list for PBXNativeTarget "NotificationService" */;
			buildPhases = (
				0A890AEE2C2E94510039BC54 /* Sources */,
				0A890AEF2C2E94510039BC54 /* Frameworks */,
				0A890AF02C2E94510039BC54 /* Resources */,
			);
			buildRules = (
			);
			dependencies = (
			);
			name = NotificationService;
			packageProductDependencies = (
				0A890AFD2C2E94C50039BC54 /* CleverTapSDK */,
				0A890AFF2C2E94C50039BC54 /* CTNotificationService */,
			);
			productName = NotificationService;
			productReference = 0A890AF22C2E94510039BC54 /* NotificationService.appex */;
			productType = "com.apple.product-type.app-extension";
		};
		0AF765082C2E81AE00CF6CF3 /* Notification Content */ = {
			isa = PBXNativeTarget;
			buildConfigurationList = 0AF765162C2E81AE00CF6CF3 /* Build configuration list for PBXNativeTarget "Notification Content" */;
			buildPhases = (
				0AF765052C2E81AE00CF6CF3 /* Sources */,
				0AF765062C2E81AE00CF6CF3 /* Frameworks */,
				0AF765072C2E81AE00CF6CF3 /* Resources */,
			);
			buildRules = (
			);
			dependencies = (
			);
			name = "Notification Content";
			packageProductDependencies = (
				0AF765192C2E82F400CF6CF3 /* CleverTapSDK */,
				0AF7651B2C2E82F400CF6CF3 /* CTNotificationContent */,
			);
			productName = "Notification Content";
			productReference = 0AF765092C2E81AE00CF6CF3 /* Notification Content.appex */;
			productType = "com.apple.product-type.app-extension";
		};
/* End PBXNativeTarget section */

/* Begin PBXProject section */
		0A1B75312B4A62E1003588DA /* Project object */ = {
			isa = PBXProject;
			attributes = {
				BuildIndependentTargetsInParallel = 1;
				LastSwiftUpdateCheck = 1430;
				LastUpgradeCheck = 1430;
				TargetAttributes = {
					0A1B75382B4A62E1003588DA = {
						CreatedOnToolsVersion = 14.3.1;
					};
					0A890AF12C2E94510039BC54 = {
						CreatedOnToolsVersion = 14.3.1;
					};
					0AF765082C2E81AE00CF6CF3 = {
						CreatedOnToolsVersion = 14.3.1;
					};
				};
			};
			buildConfigurationList = 0A1B75342B4A62E1003588DA /* Build configuration list for PBXProject "DemoCtStoryBoard" */;
			compatibilityVersion = "Xcode 14.0";
			developmentRegion = en;
			hasScannedForEncodings = 0;
			knownRegions = (
				en,
				Base,
			);
			mainGroup = 0A1B75302B4A62E1003588DA;
			packageReferences = (
				0A402D9E2B8F33D5004677BD /* XCRemoteSwiftPackageReference "clevertap-ios-sdk" */,
				0A402DB22B8F36CA004677BD /* XCRemoteSwiftPackageReference "CTNotificationService" */,
				0A402DE72B8F49FE004677BD /* XCRemoteSwiftPackageReference "CTNotificationContent" */,
			);
			productRefGroup = 0A1B753A2B4A62E1003588DA /* Products */;
			projectDirPath = "";
			projectRoot = "";
			targets = (
				0A1B75382B4A62E1003588DA /* DemoCtStoryBoard */,
				0AF765082C2E81AE00CF6CF3 /* Notification Content */,
				0A890AF12C2E94510039BC54 /* NotificationService */,
			);
		};
/* End PBXProject section */

/* Begin PBXResourcesBuildPhase section */
		0A1B75372B4A62E1003588DA /* Resources */ = {
			isa = PBXResourcesBuildPhase;
			buildActionMask = 2147483647;
			files = (
				0A1B754C2B4A62E2003588DA /* LaunchScreen.storyboard in Resources */,
				0A1B75492B4A62E2003588DA /* Assets.xcassets in Resources */,
				0A1B75442B4A62E1003588DA /* Main.storyboard in Resources */,
			);
			runOnlyForDeploymentPostprocessing = 0;
		};
		0A890AF02C2E94510039BC54 /* Resources */ = {
			isa = PBXResourcesBuildPhase;
			buildActionMask = 2147483647;
			files = (
			);
			runOnlyForDeploymentPostprocessing = 0;
		};
		0AF765072C2E81AE00CF6CF3 /* Resources */ = {
			isa = PBXResourcesBuildPhase;
			buildActionMask = 2147483647;
			files = (
				0AF765112C2E81AE00CF6CF3 /* MainInterface.storyboard in Resources */,
			);
			runOnlyForDeploymentPostprocessing = 0;
		};
/* End PBXResourcesBuildPhase section */

/* Begin PBXSourcesBuildPhase section */
		0A1B75352B4A62E1003588DA /* Sources */ = {
			isa = PBXSourcesBuildPhase;
			buildActionMask = 2147483647;
			files = (
				0A402DBF2B8F3E16004677BD /* AppDelegate.swift in Sources */,
				0A1B75412B4A62E1003588DA /* ViewController.swift in Sources */,
				0A1B75472B4A62E1003588DA /* DemoCtStoryBoard.xcdatamodeld in Sources */,
				0A1B753F2B4A62E1003588DA /* SceneDelegate.swift in Sources */,
			);
			runOnlyForDeploymentPostprocessing = 0;
		};
		0A890AEE2C2E94510039BC54 /* Sources */ = {
			isa = PBXSourcesBuildPhase;
			buildActionMask = 2147483647;
			files = (
				0A890AF52C2E94510039BC54 /* NotificationService.swift in Sources */,
			);
			runOnlyForDeploymentPostprocessing = 0;
		};
		0AF765052C2E81AE00CF6CF3 /* Sources */ = {
			isa = PBXSourcesBuildPhase;
			buildActionMask = 2147483647;
			files = (
				0AF7650E2C2E81AE00CF6CF3 /* NotificationViewController.swift in Sources */,
			);
			runOnlyForDeploymentPostprocessing = 0;
		};
/* End PBXSourcesBuildPhase section */

/* Begin PBXTargetDependency section */
		0A890AF82C2E94510039BC54 /* PBXTargetDependency */ = {
			isa = PBXTargetDependency;
			target = 0A890AF12C2E94510039BC54 /* NotificationService */;
			targetProxy = 0A890AF72C2E94510039BC54 /* PBXContainerItemProxy */;
		};
		0AF765142C2E81AE00CF6CF3 /* PBXTargetDependency */ = {
			isa = PBXTargetDependency;
			target = 0AF765082C2E81AE00CF6CF3 /* Notification Content */;
			targetProxy = 0AF765132C2E81AE00CF6CF3 /* PBXContainerItemProxy */;
		};
/* End PBXTargetDependency section */

/* Begin PBXVariantGroup section */
		0A1B75422B4A62E1003588DA /* Main.storyboard */ = {
			isa = PBXVariantGroup;
			children = (
				0A1B75432B4A62E1003588DA /* Base */,
			);
			name = Main.storyboard;
			sourceTree = "<group>";
		};
		0A1B754A2B4A62E2003588DA /* LaunchScreen.storyboard */ = {
			isa = PBXVariantGroup;
			children = (
				0A1B754B2B4A62E2003588DA /* Base */,
			);
			name = LaunchScreen.storyboard;
			sourceTree = "<group>";
		};
		0AF7650F2C2E81AE00CF6CF3 /* MainInterface.storyboard */ = {
			isa = PBXVariantGroup;
			children = (
				0AF765102C2E81AE00CF6CF3 /* Base */,
			);
			name = MainInterface.storyboard;
			sourceTree = "<group>";
		};
/* End PBXVariantGroup section */

/* Begin XCBuildConfiguration section */
		0A1B75642B4A62E3003588DA /* Debug */ = {
			isa = XCBuildConfiguration;
			buildSettings = {
				ALWAYS_SEARCH_USER_PATHS = NO;
				CLANG_ANALYZER_NONNULL = YES;
				CLANG_ANALYZER_NUMBER_OBJECT_CONVERSION = YES_AGGRESSIVE;
				CLANG_CXX_LANGUAGE_STANDARD = "gnu++20";
				CLANG_ENABLE_MODULES = YES;
				CLANG_ENABLE_OBJC_ARC = YES;
				CLANG_ENABLE_OBJC_WEAK = YES;
				CLANG_WARN_BLOCK_CAPTURE_AUTORELEASING = YES;
				CLANG_WARN_BOOL_CONVERSION = YES;
				CLANG_WARN_COMMA = YES;
				CLANG_WARN_CONSTANT_CONVERSION = YES;
				CLANG_WARN_DEPRECATED_OBJC_IMPLEMENTATIONS = YES;
				CLANG_WARN_DIRECT_OBJC_ISA_USAGE = YES_ERROR;
				CLANG_WARN_DOCUMENTATION_COMMENTS = YES;
				CLANG_WARN_EMPTY_BODY = YES;
				CLANG_WARN_ENUM_CONVERSION = YES;
				CLANG_WARN_INFINITE_RECURSION = YES;
				CLANG_WARN_INT_CONVERSION = YES;
				CLANG_WARN_NON_LITERAL_NULL_CONVERSION = YES;
				CLANG_WARN_OBJC_IMPLICIT_RETAIN_SELF = YES;
				CLANG_WARN_OBJC_LITERAL_CONVERSION = YES;
				CLANG_WARN_OBJC_ROOT_CLASS = YES_ERROR;
				CLANG_WARN_QUOTED_INCLUDE_IN_FRAMEWORK_HEADER = YES;
				CLANG_WARN_RANGE_LOOP_ANALYSIS = YES;
				CLANG_WARN_STRICT_PROTOTYPES = YES;
				CLANG_WARN_SUSPICIOUS_MOVE = YES;
				CLANG_WARN_UNGUARDED_AVAILABILITY = YES_AGGRESSIVE;
				CLANG_WARN_UNREACHABLE_CODE = YES;
				CLANG_WARN__DUPLICATE_METHOD_MATCH = YES;
				COPY_PHASE_STRIP = NO;
				DEBUG_INFORMATION_FORMAT = dwarf;
				ENABLE_STRICT_OBJC_MSGSEND = YES;
				ENABLE_TESTABILITY = YES;
				GCC_C_LANGUAGE_STANDARD = gnu11;
				GCC_DYNAMIC_NO_PIC = NO;
				GCC_NO_COMMON_BLOCKS = YES;
				GCC_OPTIMIZATION_LEVEL = 0;
				GCC_PREPROCESSOR_DEFINITIONS = (
					"DEBUG=1",
					"$(inherited)",
				);
				GCC_WARN_64_TO_32_BIT_CONVERSION = YES;
				GCC_WARN_ABOUT_RETURN_TYPE = YES_ERROR;
				GCC_WARN_UNDECLARED_SELECTOR = YES;
				GCC_WARN_UNINITIALIZED_AUTOS = YES_AGGRESSIVE;
				GCC_WARN_UNUSED_FUNCTION = YES;
				GCC_WARN_UNUSED_VARIABLE = YES;
				IPHONEOS_DEPLOYMENT_TARGET = 16.2;
				MTL_ENABLE_DEBUG_INFO = INCLUDE_SOURCE;
				MTL_FAST_MATH = YES;
				ONLY_ACTIVE_ARCH = YES;
				SDKROOT = iphoneos;
				SWIFT_ACTIVE_COMPILATION_CONDITIONS = DEBUG;
				SWIFT_OPTIMIZATION_LEVEL = "-Onone";
			};
			name = Debug;
		};
		0A1B75652B4A62E3003588DA /* Release */ = {
			isa = XCBuildConfiguration;
			buildSettings = {
				ALWAYS_SEARCH_USER_PATHS = NO;
				CLANG_ANALYZER_NONNULL = YES;
				CLANG_ANALYZER_NUMBER_OBJECT_CONVERSION = YES_AGGRESSIVE;
				CLANG_CXX_LANGUAGE_STANDARD = "gnu++20";
				CLANG_ENABLE_MODULES = YES;
				CLANG_ENABLE_OBJC_ARC = YES;
				CLANG_ENABLE_OBJC_WEAK = YES;
				CLANG_WARN_BLOCK_CAPTURE_AUTORELEASING = YES;
				CLANG_WARN_BOOL_CONVERSION = YES;
				CLANG_WARN_COMMA = YES;
				CLANG_WARN_CONSTANT_CONVERSION = YES;
				CLANG_WARN_DEPRECATED_OBJC_IMPLEMENTATIONS = YES;
				CLANG_WARN_DIRECT_OBJC_ISA_USAGE = YES_ERROR;
				CLANG_WARN_DOCUMENTATION_COMMENTS = YES;
				CLANG_WARN_EMPTY_BODY = YES;
				CLANG_WARN_ENUM_CONVERSION = YES;
				CLANG_WARN_INFINITE_RECURSION = YES;
				CLANG_WARN_INT_CONVERSION = YES;
				CLANG_WARN_NON_LITERAL_NULL_CONVERSION = YES;
				CLANG_WARN_OBJC_IMPLICIT_RETAIN_SELF = YES;
				CLANG_WARN_OBJC_LITERAL_CONVERSION = YES;
				CLANG_WARN_OBJC_ROOT_CLASS = YES_ERROR;
				CLANG_WARN_QUOTED_INCLUDE_IN_FRAMEWORK_HEADER = YES;
				CLANG_WARN_RANGE_LOOP_ANALYSIS = YES;
				CLANG_WARN_STRICT_PROTOTYPES = YES;
				CLANG_WARN_SUSPICIOUS_MOVE = YES;
				CLANG_WARN_UNGUARDED_AVAILABILITY = YES_AGGRESSIVE;
				CLANG_WARN_UNREACHABLE_CODE = YES;
				CLANG_WARN__DUPLICATE_METHOD_MATCH = YES;
				COPY_PHASE_STRIP = NO;
				DEBUG_INFORMATION_FORMAT = "dwarf-with-dsym";
				ENABLE_NS_ASSERTIONS = NO;
				ENABLE_STRICT_OBJC_MSGSEND = YES;
				GCC_C_LANGUAGE_STANDARD = gnu11;
				GCC_NO_COMMON_BLOCKS = YES;
				GCC_WARN_64_TO_32_BIT_CONVERSION = YES;
				GCC_WARN_ABOUT_RETURN_TYPE = YES_ERROR;
				GCC_WARN_UNDECLARED_SELECTOR = YES;
				GCC_WARN_UNINITIALIZED_AUTOS = YES_AGGRESSIVE;
				GCC_WARN_UNUSED_FUNCTION = YES;
				GCC_WARN_UNUSED_VARIABLE = YES;
				IPHONEOS_DEPLOYMENT_TARGET = 16.2;
				MTL_ENABLE_DEBUG_INFO = NO;
				MTL_FAST_MATH = YES;
				SDKROOT = iphoneos;
				SWIFT_COMPILATION_MODE = wholemodule;
				SWIFT_OPTIMIZATION_LEVEL = "-O";
				VALIDATE_PRODUCT = YES;
			};
			name = Release;
		};
		0A1B75672B4A62E3003588DA /* Debug */ = {
			isa = XCBuildConfiguration;
			buildSettings = {
				ALWAYS_EMBED_SWIFT_STANDARD_LIBRARIES = YES;
				ASSETCATALOG_COMPILER_APPICON_NAME = AppIcon;
				ASSETCATALOG_COMPILER_GLOBAL_ACCENT_COLOR_NAME = AccentColor;
				CODE_SIGN_ENTITLEMENTS = DemoCtStoryBoard/DemoCtStoryBoard.entitlements;
				CODE_SIGN_IDENTITY = "Apple Development";
				CODE_SIGN_STYLE = Automatic;
				CURRENT_PROJECT_VERSION = 1;
				DEVELOPMENT_TEAM = 7XM67G79YA;
				GENERATE_INFOPLIST_FILE = YES;
				INFOPLIST_FILE = DemoCtStoryBoard/Info.plist;
				INFOPLIST_KEY_UIApplicationSupportsIndirectInputEvents = YES;
				INFOPLIST_KEY_UILaunchStoryboardName = LaunchScreen;
				INFOPLIST_KEY_UIMainStoryboardFile = Main;
				INFOPLIST_KEY_UISupportedInterfaceOrientations_iPad = "UIInterfaceOrientationPortrait UIInterfaceOrientationPortraitUpsideDown UIInterfaceOrientationLandscapeLeft UIInterfaceOrientationLandscapeRight";
				INFOPLIST_KEY_UISupportedInterfaceOrientations_iPhone = "UIInterfaceOrientationPortrait UIInterfaceOrientationLandscapeLeft UIInterfaceOrientationLandscapeRight";
				LD_RUNPATH_SEARCH_PATHS = (
					"$(inherited)",
					"@executable_path/Frameworks",
				);
				MARKETING_VERSION = 1.0;
				PRODUCT_BUNDLE_IDENTIFIER = cleverTap.DemoCtStoryBoard;
				PRODUCT_NAME = "$(TARGET_NAME)";
				PROVISIONING_PROFILE_SPECIFIER = "";
				SWIFT_EMIT_LOC_STRINGS = YES;
				SWIFT_VERSION = 5.0;
				TARGETED_DEVICE_FAMILY = "1,2";
			};
			name = Debug;
		};
		0A1B75682B4A62E3003588DA /* Release */ = {
			isa = XCBuildConfiguration;
			buildSettings = {
				ALWAYS_EMBED_SWIFT_STANDARD_LIBRARIES = YES;
				ASSETCATALOG_COMPILER_APPICON_NAME = AppIcon;
				ASSETCATALOG_COMPILER_GLOBAL_ACCENT_COLOR_NAME = AccentColor;
				CODE_SIGN_ENTITLEMENTS = DemoCtStoryBoard/DemoCtStoryBoard.entitlements;
				CODE_SIGN_IDENTITY = "Apple Development";
				CODE_SIGN_STYLE = Automatic;
				CURRENT_PROJECT_VERSION = 1;
				DEVELOPMENT_TEAM = 7XM67G79YA;
				GENERATE_INFOPLIST_FILE = YES;
				INFOPLIST_FILE = DemoCtStoryBoard/Info.plist;
				INFOPLIST_KEY_UIApplicationSupportsIndirectInputEvents = YES;
				INFOPLIST_KEY_UILaunchStoryboardName = LaunchScreen;
				INFOPLIST_KEY_UIMainStoryboardFile = Main;
				INFOPLIST_KEY_UISupportedInterfaceOrientations_iPad = "UIInterfaceOrientationPortrait UIInterfaceOrientationPortraitUpsideDown UIInterfaceOrientationLandscapeLeft UIInterfaceOrientationLandscapeRight";
				INFOPLIST_KEY_UISupportedInterfaceOrientations_iPhone = "UIInterfaceOrientationPortrait UIInterfaceOrientationLandscapeLeft UIInterfaceOrientationLandscapeRight";
				LD_RUNPATH_SEARCH_PATHS = (
					"$(inherited)",
					"@executable_path/Frameworks",
				);
				MARKETING_VERSION = 1.0;
				PRODUCT_BUNDLE_IDENTIFIER = cleverTap.DemoCtStoryBoard;
				PRODUCT_NAME = "$(TARGET_NAME)";
				PROVISIONING_PROFILE_SPECIFIER = "";
				SWIFT_EMIT_LOC_STRINGS = YES;
				SWIFT_VERSION = 5.0;
				TARGETED_DEVICE_FAMILY = "1,2";
			};
			name = Release;
		};
		0A890AFB2C2E94510039BC54 /* Debug */ = {
			isa = XCBuildConfiguration;
			buildSettings = {
				CODE_SIGN_IDENTITY = "Apple Development";
				CODE_SIGN_STYLE = Automatic;
				CURRENT_PROJECT_VERSION = 1;
				DEVELOPMENT_TEAM = 7XM67G79YA;
				GENERATE_INFOPLIST_FILE = YES;
				INFOPLIST_FILE = NotificationService/Info.plist;
				INFOPLIST_KEY_CFBundleDisplayName = NotificationService;
				INFOPLIST_KEY_NSHumanReadableCopyright = "";
				IPHONEOS_DEPLOYMENT_TARGET = 16.2;
				LD_RUNPATH_SEARCH_PATHS = (
					"$(inherited)",
					"@executable_path/Frameworks",
					"@executable_path/../../Frameworks",
				);
				MARKETING_VERSION = 1.0;
				PRODUCT_BUNDLE_IDENTIFIER = cleverTap.DemoCtStoryBoard.NotificationService;
				PRODUCT_NAME = "$(TARGET_NAME)";
				SKIP_INSTALL = YES;
				SWIFT_EMIT_LOC_STRINGS = YES;
				SWIFT_VERSION = 5.0;
				TARGETED_DEVICE_FAMILY = "1,2";
			};
			name = Debug;
		};
		0A890AFC2C2E94510039BC54 /* Release */ = {
			isa = XCBuildConfiguration;
			buildSettings = {
				CODE_SIGN_IDENTITY = "Apple Development";
				CODE_SIGN_STYLE = Automatic;
				CURRENT_PROJECT_VERSION = 1;
				DEVELOPMENT_TEAM = 7XM67G79YA;
				GENERATE_INFOPLIST_FILE = YES;
				INFOPLIST_FILE = NotificationService/Info.plist;
				INFOPLIST_KEY_CFBundleDisplayName = NotificationService;
				INFOPLIST_KEY_NSHumanReadableCopyright = "";
				IPHONEOS_DEPLOYMENT_TARGET = 16.2;
				LD_RUNPATH_SEARCH_PATHS = (
					"$(inherited)",
					"@executable_path/Frameworks",
					"@executable_path/../../Frameworks",
				);
				MARKETING_VERSION = 1.0;
				PRODUCT_BUNDLE_IDENTIFIER = cleverTap.DemoCtStoryBoard.NotificationService;
				PRODUCT_NAME = "$(TARGET_NAME)";
				SKIP_INSTALL = YES;
				SWIFT_EMIT_LOC_STRINGS = YES;
				SWIFT_VERSION = 5.0;
				TARGETED_DEVICE_FAMILY = "1,2";
			};
			name = Release;
		};
		0AF765172C2E81AE00CF6CF3 /* Debug */ = {
			isa = XCBuildConfiguration;
			buildSettings = {
				CODE_SIGN_IDENTITY = "Apple Development";
				CODE_SIGN_STYLE = Automatic;
				CURRENT_PROJECT_VERSION = 1;
				DEVELOPMENT_TEAM = 7XM67G79YA;
				GENERATE_INFOPLIST_FILE = YES;
				INFOPLIST_FILE = "Notification Content/Info.plist";
				INFOPLIST_KEY_CFBundleDisplayName = "Notification Content";
				INFOPLIST_KEY_NSHumanReadableCopyright = "";
				IPHONEOS_DEPLOYMENT_TARGET = 16.2;
				LD_RUNPATH_SEARCH_PATHS = (
					"$(inherited)",
					"@executable_path/Frameworks",
					"@executable_path/../../Frameworks",
				);
				MARKETING_VERSION = 1.0;
				PRODUCT_BUNDLE_IDENTIFIER = "cleverTap.DemoCtStoryBoard.Notification-Content";
				PRODUCT_NAME = "$(TARGET_NAME)";
				SKIP_INSTALL = YES;
				SWIFT_EMIT_LOC_STRINGS = YES;
				SWIFT_VERSION = 5.0;
				TARGETED_DEVICE_FAMILY = "1,2";
			};
			name = Debug;
		};
		0AF765182C2E81AE00CF6CF3 /* Release */ = {
			isa = XCBuildConfiguration;
			buildSettings = {
				CODE_SIGN_IDENTITY = "Apple Development";
				CODE_SIGN_STYLE = Automatic;
				CURRENT_PROJECT_VERSION = 1;
				DEVELOPMENT_TEAM = 7XM67G79YA;
				GENERATE_INFOPLIST_FILE = YES;
				INFOPLIST_FILE = "Notification Content/Info.plist";
				INFOPLIST_KEY_CFBundleDisplayName = "Notification Content";
				INFOPLIST_KEY_NSHumanReadableCopyright = "";
				IPHONEOS_DEPLOYMENT_TARGET = 16.2;
				LD_RUNPATH_SEARCH_PATHS = (
					"$(inherited)",
					"@executable_path/Frameworks",
					"@executable_path/../../Frameworks",
				);
				MARKETING_VERSION = 1.0;
				PRODUCT_BUNDLE_IDENTIFIER = "cleverTap.DemoCtStoryBoard.Notification-Content";
				PRODUCT_NAME = "$(TARGET_NAME)";
				SKIP_INSTALL = YES;
				SWIFT_EMIT_LOC_STRINGS = YES;
				SWIFT_VERSION = 5.0;
				TARGETED_DEVICE_FAMILY = "1,2";
			};
			name = Release;
		};
/* End XCBuildConfiguration section */

/* Begin XCConfigurationList section */
		0A1B75342B4A62E1003588DA /* Build configuration list for PBXProject "DemoCtStoryBoard" */ = {
			isa = XCConfigurationList;
			buildConfigurations = (
				0A1B75642B4A62E3003588DA /* Debug */,
				0A1B75652B4A62E3003588DA /* Release */,
			);
			defaultConfigurationIsVisible = 0;
			defaultConfigurationName = Release;
		};
		0A1B75662B4A62E3003588DA /* Build configuration list for PBXNativeTarget "DemoCtStoryBoard" */ = {
			isa = XCConfigurationList;
			buildConfigurations = (
				0A1B75672B4A62E3003588DA /* Debug */,
				0A1B75682B4A62E3003588DA /* Release */,
			);
			defaultConfigurationIsVisible = 0;
			defaultConfigurationName = Release;
		};
		0A890AFA2C2E94510039BC54 /* Build configuration list for PBXNativeTarget "NotificationService" */ = {
			isa = XCConfigurationList;
			buildConfigurations = (
				0A890AFB2C2E94510039BC54 /* Debug */,
				0A890AFC2C2E94510039BC54 /* Release */,
			);
			defaultConfigurationIsVisible = 0;
			defaultConfigurationName = Release;
		};
		0AF765162C2E81AE00CF6CF3 /* Build configuration list for PBXNativeTarget "Notification Content" */ = {
			isa = XCConfigurationList;
			buildConfigurations = (
				0AF765172C2E81AE00CF6CF3 /* Debug */,
				0AF765182C2E81AE00CF6CF3 /* Release */,
			);
			defaultConfigurationIsVisible = 0;
			defaultConfigurationName = Release;
		};
/* End XCConfigurationList section */

/* Begin XCRemoteSwiftPackageReference section */
		0A402D9E2B8F33D5004677BD /* XCRemoteSwiftPackageReference "clevertap-ios-sdk" */ = {
			isa = XCRemoteSwiftPackageReference;
			repositoryURL = "https://github.com/CleverTap/clevertap-ios-sdk";
			requirement = {
				kind = upToNextMajorVersion;
				minimumVersion = 6.0.0;
			};
		};
		0A402DB22B8F36CA004677BD /* XCRemoteSwiftPackageReference "CTNotificationService" */ = {
			isa = XCRemoteSwiftPackageReference;
			repositoryURL = "https://github.com/CleverTap/CTNotificationService.git";
			requirement = {
				kind = upToNextMajorVersion;
				minimumVersion = 0.1.5;
			};
		};
		0A402DE72B8F49FE004677BD /* XCRemoteSwiftPackageReference "CTNotificationContent" */ = {
			isa = XCRemoteSwiftPackageReference;
			repositoryURL = "https://github.com/CleverTap/CTNotificationContent";
			requirement = {
				kind = upToNextMajorVersion;
				minimumVersion = 0.2.5;
			};
		};
/* End XCRemoteSwiftPackageReference section */

/* Begin XCSwiftPackageProductDependency section */
		0A402D9F2B8F33D5004677BD /* CleverTapLocation */ = {
			isa = XCSwiftPackageProductDependency;
			package = 0A402D9E2B8F33D5004677BD /* XCRemoteSwiftPackageReference "clevertap-ios-sdk" */;
			productName = CleverTapLocation;
		};
		0A402DA12B8F33D5004677BD /* CleverTapSDK */ = {
			isa = XCSwiftPackageProductDependency;
			package = 0A402D9E2B8F33D5004677BD /* XCRemoteSwiftPackageReference "clevertap-ios-sdk" */;
			productName = CleverTapSDK;
		};
		0A402DE82B8F49FE004677BD /* CTNotificationContent */ = {
			isa = XCSwiftPackageProductDependency;
			package = 0A402DE72B8F49FE004677BD /* XCRemoteSwiftPackageReference "CTNotificationContent" */;
			productName = CTNotificationContent;
		};
		0A890AFD2C2E94C50039BC54 /* CleverTapSDK */ = {
			isa = XCSwiftPackageProductDependency;
			package = 0A402D9E2B8F33D5004677BD /* XCRemoteSwiftPackageReference "clevertap-ios-sdk" */;
			productName = CleverTapSDK;
		};
		0A890AFF2C2E94C50039BC54 /* CTNotificationService */ = {
			isa = XCSwiftPackageProductDependency;
			package = 0A402DB22B8F36CA004677BD /* XCRemoteSwiftPackageReference "CTNotificationService" */;
			productName = CTNotificationService;
		};
		0AF765192C2E82F400CF6CF3 /* CleverTapSDK */ = {
			isa = XCSwiftPackageProductDependency;
			package = 0A402D9E2B8F33D5004677BD /* XCRemoteSwiftPackageReference "clevertap-ios-sdk" */;
			productName = CleverTapSDK;
		};
		0AF7651B2C2E82F400CF6CF3 /* CTNotificationContent */ = {
			isa = XCSwiftPackageProductDependency;
			package = 0A402DE72B8F49FE004677BD /* XCRemoteSwiftPackageReference "CTNotificationContent" */;
			productName = CTNotificationContent;
		};
/* End XCSwiftPackageProductDependency section */

/* Begin XCVersionGroup section */
		0A1B75452B4A62E1003588DA /* DemoCtStoryBoard.xcdatamodeld */ = {
			isa = XCVersionGroup;
			children = (
				0A1B75462B4A62E1003588DA /* DemoCtStoryBoard.xcdatamodel */,
			);
			currentVersion = 0A1B75462B4A62E1003588DA /* DemoCtStoryBoard.xcdatamodel */;
			path = DemoCtStoryBoard.xcdatamodeld;
			sourceTree = "<group>";
			versionGroupType = wrapper.xcdatamodel;
		};
/* End XCVersionGroup section */
	};
	rootObject = 0A1B75312B4A62E1003588DA /* Project object */;
}
